// !$*UTF8*$!
{
	archiveVersion = 1;
	classes = {
	};
	objectVersion = 46;
	objects = {

/* Begin PBXBuildFile section */
		5EDB15741DBF625C006E74DA /* AppDelegate.swift in Sources */ = {isa = PBXBuildFile; fileRef = 5EDB15731DBF625C006E74DA /* AppDelegate.swift */; };
		5EDB15761DBF625C006E74DA /* GPXViewController.swift in Sources */ = {isa = PBXBuildFile; fileRef = 5EDB15751DBF625C006E74DA /* GPXViewController.swift */; };
		5EDB15791DBF625C006E74DA /* Main.storyboard in Resources */ = {isa = PBXBuildFile; fileRef = 5EDB15771DBF625C006E74DA /* Main.storyboard */; };
		5EDB157B1DBF625C006E74DA /* Assets.xcassets in Resources */ = {isa = PBXBuildFile; fileRef = 5EDB157A1DBF625C006E74DA /* Assets.xcassets */; };
		5EDB157E1DBF625C006E74DA /* LaunchScreen.storyboard in Resources */ = {isa = PBXBuildFile; fileRef = 5EDB157C1DBF625C006E74DA /* LaunchScreen.storyboard */; };
		5EDB15871DBF6852006E74DA /* GPX.swift in Sources */ = {isa = PBXBuildFile; fileRef = 5EDB15861DBF6852006E74DA /* GPX.swift */; };
		5EDB15891DBF6C35006E74DA /* MKGPX.swift in Sources */ = {isa = PBXBuildFile; fileRef = 5EDB15881DBF6C35006E74DA /* MKGPX.swift */; };
/* End PBXBuildFile section */

/* Begin PBXFileReference section */
		5EDB15701DBF625C006E74DA /* Trax.app */ = {isa = PBXFileReference; explicitFileType = wrapper.application; includeInIndex = 0; path = Trax.app; sourceTree = BUILT_PRODUCTS_DIR; };
		5EDB15731DBF625C006E74DA /* AppDelegate.swift */ = {isa = PBXFileReference; lastKnownFileType = sourcecode.swift; path = AppDelegate.swift; sourceTree = "<group>"; };
		5EDB15751DBF625C006E74DA /* GPXViewController.swift */ = {isa = PBXFileReference; lastKnownFileType = sourcecode.swift; path = GPXViewController.swift; sourceTree = "<group>"; };
		5EDB15781DBF625C006E74DA /* Base */ = {isa = PBXFileReference; lastKnownFileType = file.storyboard; name = Base; path = Base.lproj/Main.storyboard; sourceTree = "<group>"; };
		5EDB157A1DBF625C006E74DA /* Assets.xcassets */ = {isa = PBXFileReference; lastKnownFileType = folder.assetcatalog; path = Assets.xcassets; sourceTree = "<group>"; };
		5EDB157D1DBF625C006E74DA /* Base */ = {isa = PBXFileReference; lastKnownFileType = file.storyboard; name = Base; path = Base.lproj/LaunchScreen.storyboard; sourceTree = "<group>"; };
		5EDB157F1DBF625C006E74DA /* Info.plist */ = {isa = PBXFileReference; lastKnownFileType = text.plist.xml; path = Info.plist; sourceTree = "<group>"; };
		5EDB15861DBF6852006E74DA /* GPX.swift */ = {isa = PBXFileReference; fileEncoding = 4; lastKnownFileType = sourcecode.swift; path = GPX.swift; sourceTree = "<group>"; };
		5EDB15881DBF6C35006E74DA /* MKGPX.swift */ = {isa = PBXFileReference; fileEncoding = 4; lastKnownFileType = sourcecode.swift; path = MKGPX.swift; sourceTree = "<group>"; };
/* End PBXFileReference section */

/* Begin PBXFrameworksBuildPhase section */
		5EDB156D1DBF625C006E74DA /* Frameworks */ = {
			isa = PBXFrameworksBuildPhase;
			buildActionMask = 2147483647;
			files = (
			);
			runOnlyForDeploymentPostprocessing = 0;
		};
/* End PBXFrameworksBuildPhase section */

/* Begin PBXGroup section */
		5EDB15671DBF625C006E74DA = {
			isa = PBXGroup;
			children = (
				5EDB15721DBF625C006E74DA /* Trax */,
				5EDB15711DBF625C006E74DA /* Products */,
			);
			sourceTree = "<group>";
		};
		5EDB15711DBF625C006E74DA /* Products */ = {
			isa = PBXGroup;
			children = (
				5EDB15701DBF625C006E74DA /* Trax.app */,
			);
			name = Products;
			sourceTree = "<group>";
		};
		5EDB15721DBF625C006E74DA /* Trax */ = {
			isa = PBXGroup;
			children = (
				5EDB15851DBF6279006E74DA /* Suppprting Files */,
				5EDB15751DBF625C006E74DA /* GPXViewController.swift */,
				5EDB15881DBF6C35006E74DA /* MKGPX.swift */,
				5EDB15771DBF625C006E74DA /* Main.storyboard */,
				5EDB15861DBF6852006E74DA /* GPX.swift */,
			);
			path = Trax;
			sourceTree = "<group>";
		};
		5EDB15851DBF6279006E74DA /* Suppprting Files */ = {
			isa = PBXGroup;
			children = (
				5EDB15731DBF625C006E74DA /* AppDelegate.swift */,
				5EDB157A1DBF625C006E74DA /* Assets.xcassets */,
				5EDB157C1DBF625C006E74DA /* LaunchScreen.storyboard */,
				5EDB157F1DBF625C006E74DA /* Info.plist */,
			);
			name = "Suppprting Files";
			sourceTree = "<group>";
		};
/* End PBXGroup section */

/* Begin PBXNativeTarget section */
		5EDB156F1DBF625C006E74DA /* Trax */ = {
			isa = PBXNativeTarget;
			buildConfigurationList = 5EDB15821DBF625C006E74DA /* Build configuration list for PBXNativeTarget "Trax" */;
			buildPhases = (
				5EDB156C1DBF625C006E74DA /* Sources */,
				5EDB156D1DBF625C006E74DA /* Frameworks */,
				5EDB156E1DBF625C006E74DA /* Resources */,
			);
			buildRules = (
			);
			dependencies = (
			);
			name = Trax;
			productName = Trax;
			productReference = 5EDB15701DBF625C006E74DA /* Trax.app */;
			productType = "com.apple.product-type.application";
		};
/* End PBXNativeTarget section */

/* Begin PBXProject section */
		5EDB15681DBF625C006E74DA /* Project object */ = {
			isa = PBXProject;
			attributes = {
				LastSwiftUpdateCheck = 0730;
				LastUpgradeCheck = 0730;
				ORGANIZATIONNAME = Vernsu;
				TargetAttributes = {
					5EDB156F1DBF625C006E74DA = {
						CreatedOnToolsVersion = 7.3.1;
					};
				};
			};
			buildConfigurationList = 5EDB156B1DBF625C006E74DA /* Build configuration list for PBXProject "Trax" */;
			compatibilityVersion = "Xcode 3.2";
			developmentRegion = English;
			hasScannedForEncodings = 0;
			knownRegions = (
				en,
				Base,
			);
			mainGroup = 5EDB15671DBF625C006E74DA;
			productRefGroup = 5EDB15711DBF625C006E74DA /* Products */;
			projectDirPath = "";
			projectRoot = "";
			targets = (
				5EDB156F1DBF625C006E74DA /* Trax */,
			);
		};
/* End PBXProject section */

/* Begin PBXResourcesBuildPhase section */
		5EDB156E1DBF625C006E74DA /* Resources */ = {
			isa = PBXResourcesBuildPhase;
			buildActionMask = 2147483647;
			files = (
				5EDB157E1DBF625C006E74DA /* LaunchScreen.storyboard in Resources */,
				5EDB157B1DBF625C006E74DA /* Assets.xcassets in Resources */,
				5EDB15791DBF625C006E74DA /* Main.storyboard in Resources */,
			);
			runOnlyForDeploymentPostprocessing = 0;
		};
/* End PBXResourcesBuildPhase section */

/* Begin PBXSourcesBuildPhase section */
		5EDB156C1DBF625C006E74DA /* Sources */ = {
			isa = PBXSourcesBuildPhase;
			buildActionMask = 2147483647;
			files = (
				5EDB15761DBF625C006E74DA /* GPXViewController.swift in Sources */,
				5EDB15891DBF6C35006E74DA /* MKGPX.swift in Sources */,
				5EDB15741DBF625C006E74DA /* AppDelegate.swift in Sources */,
				5EDB15871DBF6852006E74DA /* GPX.swift in Sources */,
			);
			runOnlyForDeploymentPostprocessing = 0;
		};
/* End PBXSourcesBuildPhase section */

/* Begin PBXVariantGroup section */
		5EDB15771DBF625C006E74DA /* Main.storyboard */ = {
			isa = PBXVariantGroup;
			children = (
				5EDB15781DBF625C006E74DA /* Base */,
			);
			name = Main.storyboard;
			sourceTree = "<group>";
		};
		5EDB157C1DBF625C006E74DA /* LaunchScreen.storyboard */ = {
			isa = PBXVariantGroup;
			children = (
				5EDB157D1DBF625C006E74DA /* Base */,
			);
			name = LaunchScreen.storyboard;
			sourceTree = "<group>";
		};
/* End PBXVariantGroup section */

/* Begin XCBuildConfiguration section */
		5EDB15801DBF625C006E74DA /* Debug */ = {
			isa = XCBuildConfiguration;
			buildSettings = {
				ALWAYS_SEARCH_USER_PATHS = NO;
				CLANG_ANALYZER_NONNULL = YES;
				CLANG_CXX_LANGUAGE_STANDARD = "gnu++0x";
				CLANG_CXX_LIBRARY = "libc++";
				CLANG_ENABLE_MODULES = YES;
				CLANG_ENABLE_OBJC_ARC = YES;
				CLANG_WARN_BOOL_CONVERSION = YES;
				CLANG_WARN_CONSTANT_CONVERSION = YES;
				CLANG_WARN_DIRECT_OBJC_ISA_USAGE = YES_ERROR;
				CLANG_WARN_EMPTY_BODY = YES;
				CLANG_WARN_ENUM_CONVERSION = YES;
				CLANG_WARN_INT_CONVERSION = YES;
				CLANG_WARN_OBJC_ROOT_CLASS = YES_ERROR;
				CLANG_WARN_UNREACHABLE_CODE = YES;
				CLANG_WARN__DUPLICATE_METHOD_MATCH = YES;
				"CODE_SIGN_IDENTITY[sdk=iphoneos*]" = "iPhone Developer";
				COPY_PHASE_STRIP = NO;
				DEBUG_INFORMATION_FORMAT = dwarf;
				ENABLE_STRICT_OBJC_MSGSEND = YES;
				ENABLE_TESTABILITY = YES;
				GCC_C_LANGUAGE_STANDARD = gnu99;
				GCC_DYNAMIC_NO_PIC = NO;
				GCC_NO_COMMON_BLOCKS = YES;
				GCC_OPTIMIZATION_LEVEL = 0;
				GCC_PREPROCESSOR_DEFINITIONS = (
					"DEBUG=1",
					"$(inherited)",
				);
				GCC_WARN_64_TO_32_BIT_CONVERSION = YES;
				GCC_WARN_ABOUT_RETURN_TYPE = YES_ERROR;
				GCC_WARN_UNDECLARED_SELECTOR = YES;
				GCC_WARN_UNINITIALIZED_AUTOS = YES_AGGRESSIVE;
				GCC_WARN_UNUSED_FUNCTION = YES;
				GCC_WARN_UNUSED_VARIABLE = YES;
				IPHONEOS_DEPLOYMENT_TARGET = 9.3;
				MTL_ENABLE_DEBUG_INFO = YES;
				ONLY_ACTIVE_ARCH = YES;
				SDKROOT = iphoneos;
				SWIFT_OPTIMIZATION_LEVEL = "-Onone";
				TARGETED_DEVICE_FAMILY = "1,2";
			};
			name = Debug;
		};
		5EDB15811DBF625C006E74DA /* Release */ = {
			isa = XCBuildConfiguration;
			buildSettings = {
				ALWAYS_SEARCH_USER_PATHS = NO;
				CLANG_ANALYZER_NONNULL = YES;
				CLANG_CXX_LANGUAGE_STANDARD = "gnu++0x";
				CLANG_CXX_LIBRARY = "libc++";
				CLANG_ENABLE_MODULES = YES;
				CLANG_ENABLE_OBJC_ARC = YES;
				CLANG_WARN_BOOL_CONVERSION = YES;
				CLANG_WARN_CONSTANT_CONVERSION = YES;
				CLANG_WARN_DIRECT_OBJC_ISA_USAGE = YES_ERROR;
				CLANG_WARN_EMPTY_BODY = YES;
				CLANG_WARN_ENUM_CONVERSION = YES;
				CLANG_WARN_INT_CONVERSION = YES;
				CLANG_WARN_OBJC_ROOT_CLASS = YES_ERROR;
				CLANG_WARN_UNREACHABLE_CODE = YES;
				CLANG_WARN__DUPLICATE_METHOD_MATCH = YES;
				"CODE_SIGN_IDENTITY[sdk=iphoneos*]" = "iPhone Developer";
				COPY_PHASE_STRIP = NO;
				DEBUG_INFORMATION_FORMAT = "dwarf-with-dsym";
				ENABLE_NS_ASSERTIONS = NO;
				ENABLE_STRICT_OBJC_MSGSEND = YES;
				GCC_C_LANGUAGE_STANDARD = gnu99;
				GCC_NO_COMMON_BLOCKS = YES;
				GCC_WARN_64_TO_32_BIT_CONVERSION = YES;
				GCC_WARN_ABOUT_RETURN_TYPE = YES_ERROR;
				GCC_WARN_UNDECLARED_SELECTOR = YES;
				GCC_WARN_UNINITIALIZED_AUTOS = YES_AGGRESSIVE;
				GCC_WARN_UNUSED_FUNCTION = YES;
				GCC_WARN_UNUSED_VARIABLE = YES;
				IPHONEOS_DEPLOYMENT_TARGET = 9.3;
				MTL_ENABLE_DEBUG_INFO = NO;
				SDKROOT = iphoneos;
				TARGETED_DEVICE_FAMILY = "1,2";
				VALIDATE_PRODUCT = YES;
			};
			name = Release;
		};
		5EDB15831DBF625C006E74DA /* Debug */ = {
			isa = XCBuildConfiguration;
			buildSettings = {
				ASSETCATALOG_COMPILER_APPICON_NAME = AppIcon;
				INFOPLIST_FILE = Trax/Info.plist;
				LD_RUNPATH_SEARCH_PATHS = "$(inherited) @executable_path/Frameworks";
				PRODUCT_BUNDLE_IDENTIFIER = vernsu.diagon.me.Trax;
				PRODUCT_NAME = "$(TARGET_NAME)";
			};
			name = Debug;
		};
		5EDB15841DBF625C006E74DA /* Release */ = {
			isa = XCBuildConfiguration;
			buildSettings = {
				ASSETCATALOG_COMPILER_APPICON_NAME = AppIcon;
				INFOPLIST_FILE = Trax/Info.plist;
				LD_RUNPATH_SEARCH_PATHS = "$(inherited) @executable_path/Frameworks";
				PRODUCT_BUNDLE_IDENTIFIER = vernsu.diagon.me.Trax;
				PRODUCT_NAME = "$(TARGET_NAME)";
			};
			name = Release;
		};
/* End XCBuildConfiguration section */

/* Begin XCConfigurationList section */
		5EDB156B1DBF625C006E74DA /* Build configuration list for PBXProject "Trax" */ = {
			isa = XCConfigurationList;
			buildConfigurations = (
				5EDB15801DBF625C006E74DA /* Debug */,
				5EDB15811DBF625C006E74DA /* Release */,
			);
			defaultConfigurationIsVisible = 0;
			defaultConfigurationName = Release;
		};
		5EDB15821DBF625C006E74DA /* Build configuration list for PBXNativeTarget "Trax" */ = {
			isa = XCConfigurationList;
			buildConfigurations = (
				5EDB15831DBF625C006E74DA /* Debug */,
				5EDB15841DBF625C006E74DA /* Release */,
			);
			defaultConfigurationIsVisible = 0;
		};
/* End XCConfigurationList section */
	};
	rootObject = 5EDB15681DBF625C006E74DA /* Project object */;
}
