// !$*UTF8*$!
{
	archiveVersion = 1;
	classes = {
	};
	objectVersion = 46;
	objects = {

/* Begin PBXBuildFile section */
		5E5CC9331D950FE4006ADF68 /* BlinkingFaceViewController.swift in Sources */ = {isa = PBXBuildFile; fileRef = 5E5CC9321D950FE4006ADF68 /* BlinkingFaceViewController.swift */; };
		5E91B5E81D6BF7CE00332612 /* AppDelegate.swift in Sources */ = {isa = PBXBuildFile; fileRef = 5E91B5E71D6BF7CE00332612 /* AppDelegate.swift */; };
		5E91B5EA1D6BF7CE00332612 /* FaceViewController.swift in Sources */ = {isa = PBXBuildFile; fileRef = 5E91B5E91D6BF7CE00332612 /* FaceViewController.swift */; };
		5E91B5ED1D6BF7CE00332612 /* Main.storyboard in Resources */ = {isa = PBXBuildFile; fileRef = 5E91B5EB1D6BF7CE00332612 /* Main.storyboard */; };
		5E91B5EF1D6BF7CE00332612 /* Assets.xcassets in Resources */ = {isa = PBXBuildFile; fileRef = 5E91B5EE1D6BF7CE00332612 /* Assets.xcassets */; };
		5E91B5F21D6BF7CE00332612 /* LaunchScreen.storyboard in Resources */ = {isa = PBXBuildFile; fileRef = 5E91B5F01D6BF7CE00332612 /* LaunchScreen.storyboard */; };
		5E91B5FB1D6BFBF900332612 /* FaceView.swift in Sources */ = {isa = PBXBuildFile; fileRef = 5E91B5FA1D6BFBF900332612 /* FaceView.swift */; };
		5EE1611B1D6D6009001712F5 /* FacialExpression.swift in Sources */ = {isa = PBXBuildFile; fileRef = 5EE1611A1D6D6009001712F5 /* FacialExpression.swift */; };
		5EE1611D1D700F55001712F5 /* EmotionsViewController.swift in Sources */ = {isa = PBXBuildFile; fileRef = 5EE1611C1D700F55001712F5 /* EmotionsViewController.swift */; };
		5EE161211D744B0A001712F5 /* VCL.swift in Sources */ = {isa = PBXBuildFile; fileRef = 5EE161201D744B0A001712F5 /* VCL.swift */; };
/* End PBXBuildFile section */

/* Begin PBXFileReference section */
		5E5CC9321D950FE4006ADF68 /* BlinkingFaceViewController.swift */ = {isa = PBXFileReference; fileEncoding = 4; lastKnownFileType = sourcecode.swift; path = BlinkingFaceViewController.swift; sourceTree = "<group>"; };
		5E91B5E41D6BF7CE00332612 /* Faceit.app */ = {isa = PBXFileReference; explicitFileType = wrapper.application; includeInIndex = 0; path = Faceit.app; sourceTree = BUILT_PRODUCTS_DIR; };
		5E91B5E71D6BF7CE00332612 /* AppDelegate.swift */ = {isa = PBXFileReference; lastKnownFileType = sourcecode.swift; path = AppDelegate.swift; sourceTree = "<group>"; };
		5E91B5E91D6BF7CE00332612 /* FaceViewController.swift */ = {isa = PBXFileReference; lastKnownFileType = sourcecode.swift; path = FaceViewController.swift; sourceTree = "<group>"; };
		5E91B5EC1D6BF7CE00332612 /* Base */ = {isa = PBXFileReference; lastKnownFileType = file.storyboard; name = Base; path = Base.lproj/Main.storyboard; sourceTree = "<group>"; };
		5E91B5EE1D6BF7CE00332612 /* Assets.xcassets */ = {isa = PBXFileReference; lastKnownFileType = folder.assetcatalog; path = Assets.xcassets; sourceTree = "<group>"; };
		5E91B5F11D6BF7CE00332612 /* Base */ = {isa = PBXFileReference; lastKnownFileType = file.storyboard; name = Base; path = Base.lproj/LaunchScreen.storyboard; sourceTree = "<group>"; };
		5E91B5F31D6BF7CE00332612 /* Info.plist */ = {isa = PBXFileReference; lastKnownFileType = text.plist.xml; path = Info.plist; sourceTree = "<group>"; };
		5E91B5FA1D6BFBF900332612 /* FaceView.swift */ = {isa = PBXFileReference; fileEncoding = 4; lastKnownFileType = sourcecode.swift; path = FaceView.swift; sourceTree = "<group>"; };
		5EE1611A1D6D6009001712F5 /* FacialExpression.swift */ = {isa = PBXFileReference; fileEncoding = 4; lastKnownFileType = sourcecode.swift; path = FacialExpression.swift; sourceTree = "<group>"; };
		5EE1611C1D700F55001712F5 /* EmotionsViewController.swift */ = {isa = PBXFileReference; fileEncoding = 4; lastKnownFileType = sourcecode.swift; path = EmotionsViewController.swift; sourceTree = "<group>"; };
		5EE161201D744B0A001712F5 /* VCL.swift */ = {isa = PBXFileReference; fileEncoding = 4; lastKnownFileType = sourcecode.swift; path = VCL.swift; sourceTree = "<group>"; };
/* End PBXFileReference section */

/* Begin PBXFrameworksBuildPhase section */
		5E91B5E11D6BF7CE00332612 /* Frameworks */ = {
			isa = PBXFrameworksBuildPhase;
			buildActionMask = 2147483647;
			files = (
			);
			runOnlyForDeploymentPostprocessing = 0;
		};
/* End PBXFrameworksBuildPhase section */

/* Begin PBXGroup section */
		5E91B5DB1D6BF7CE00332612 = {
			isa = PBXGroup;
			children = (
				5E91B5E61D6BF7CE00332612 /* Faceit */,
				5E91B5E51D6BF7CE00332612 /* Products */,
			);
			sourceTree = "<group>";
		};
		5E91B5E51D6BF7CE00332612 /* Products */ = {
			isa = PBXGroup;
			children = (
				5E91B5E41D6BF7CE00332612 /* Faceit.app */,
			);
			name = Products;
			sourceTree = "<group>";
		};
		5E91B5E61D6BF7CE00332612 /* Faceit */ = {
			isa = PBXGroup;
			children = (
				5E91B5E91D6BF7CE00332612 /* FaceViewController.swift */,
				5E91B5EB1D6BF7CE00332612 /* Main.storyboard */,
				5EE1611C1D700F55001712F5 /* EmotionsViewController.swift */,
				5EE161201D744B0A001712F5 /* VCL.swift */,
				5E5CC9321D950FE4006ADF68 /* BlinkingFaceViewController.swift */,
				5E91B5FA1D6BFBF900332612 /* FaceView.swift */,
				5EE1611A1D6D6009001712F5 /* FacialExpression.swift */,
				5E91B5F91D6BF8C300332612 /* Supporting */,
			);
			path = Faceit;
			sourceTree = "<group>";
		};
		5E91B5F91D6BF8C300332612 /* Supporting */ = {
			isa = PBXGroup;
			children = (
				5E91B5E71D6BF7CE00332612 /* AppDelegate.swift */,
				5E91B5EE1D6BF7CE00332612 /* Assets.xcassets */,
				5E91B5F01D6BF7CE00332612 /* LaunchScreen.storyboard */,
				5E91B5F31D6BF7CE00332612 /* Info.plist */,
			);
			name = Supporting;
			sourceTree = "<group>";
		};
/* End PBXGroup section */

/* Begin PBXNativeTarget section */
		5E91B5E31D6BF7CE00332612 /* Faceit */ = {
			isa = PBXNativeTarget;
			buildConfigurationList = 5E91B5F61D6BF7CE00332612 /* Build configuration list for PBXNativeTarget "Faceit" */;
			buildPhases = (
				5E91B5E01D6BF7CE00332612 /* Sources */,
				5E91B5E11D6BF7CE00332612 /* Frameworks */,
				5E91B5E21D6BF7CE00332612 /* Resources */,
			);
			buildRules = (
			);
			dependencies = (
			);
			name = Faceit;
			productName = Faceit;
			productReference = 5E91B5E41D6BF7CE00332612 /* Faceit.app */;
			productType = "com.apple.product-type.application";
		};
/* End PBXNativeTarget section */

/* Begin PBXProject section */
		5E91B5DC1D6BF7CE00332612 /* Project object */ = {
			isa = PBXProject;
			attributes = {
				LastSwiftUpdateCheck = 0730;
				LastUpgradeCheck = 0730;
				ORGANIZATIONNAME = Vernsu;
				TargetAttributes = {
					5E91B5E31D6BF7CE00332612 = {
						CreatedOnToolsVersion = 7.3.1;
					};
				};
			};
			buildConfigurationList = 5E91B5DF1D6BF7CE00332612 /* Build configuration list for PBXProject "Faceit" */;
			compatibilityVersion = "Xcode 3.2";
			developmentRegion = English;
			hasScannedForEncodings = 0;
			knownRegions = (
				en,
				Base,
			);
			mainGroup = 5E91B5DB1D6BF7CE00332612;
			productRefGroup = 5E91B5E51D6BF7CE00332612 /* Products */;
			projectDirPath = "";
			projectRoot = "";
			targets = (
				5E91B5E31D6BF7CE00332612 /* Faceit */,
			);
		};
/* End PBXProject section */

/* Begin PBXResourcesBuildPhase section */
		5E91B5E21D6BF7CE00332612 /* Resources */ = {
			isa = PBXResourcesBuildPhase;
			buildActionMask = 2147483647;
			files = (
				5E91B5F21D6BF7CE00332612 /* LaunchScreen.storyboard in Resources */,
				5E91B5EF1D6BF7CE00332612 /* Assets.xcassets in Resources */,
				5E91B5ED1D6BF7CE00332612 /* Main.storyboard in Resources */,
			);
			runOnlyForDeploymentPostprocessing = 0;
		};
/* End PBXResourcesBuildPhase section */

/* Begin PBXSourcesBuildPhase section */
		5E91B5E01D6BF7CE00332612 /* Sources */ = {
			isa = PBXSourcesBuildPhase;
			buildActionMask = 2147483647;
			files = (
				5E91B5EA1D6BF7CE00332612 /* FaceViewController.swift in Sources */,
				5EE1611B1D6D6009001712F5 /* FacialExpression.swift in Sources */,
				5EE1611D1D700F55001712F5 /* EmotionsViewController.swift in Sources */,
				5EE161211D744B0A001712F5 /* VCL.swift in Sources */,
				5E5CC9331D950FE4006ADF68 /* BlinkingFaceViewController.swift in Sources */,
				5E91B5E81D6BF7CE00332612 /* AppDelegate.swift in Sources */,
				5E91B5FB1D6BFBF900332612 /* FaceView.swift in Sources */,
			);
			runOnlyForDeploymentPostprocessing = 0;
		};
/* End PBXSourcesBuildPhase section */

/* Begin PBXVariantGroup section */
		5E91B5EB1D6BF7CE00332612 /* Main.storyboard */ = {
			isa = PBXVariantGroup;
			children = (
				5E91B5EC1D6BF7CE00332612 /* Base */,
			);
			name = Main.storyboard;
			sourceTree = "<group>";
		};
		5E91B5F01D6BF7CE00332612 /* LaunchScreen.storyboard */ = {
			isa = PBXVariantGroup;
			children = (
				5E91B5F11D6BF7CE00332612 /* Base */,
			);
			name = LaunchScreen.storyboard;
			sourceTree = "<group>";
		};
/* End PBXVariantGroup section */

/* Begin XCBuildConfiguration section */
		5E91B5F41D6BF7CE00332612 /* Debug */ = {
			isa = XCBuildConfiguration;
			buildSettings = {
				ALWAYS_SEARCH_USER_PATHS = NO;
				CLANG_ANALYZER_NONNULL = YES;
				CLANG_CXX_LANGUAGE_STANDARD = "gnu++0x";
				CLANG_CXX_LIBRARY = "libc++";
				CLANG_ENABLE_MODULES = YES;
				CLANG_ENABLE_OBJC_ARC = YES;
				CLANG_WARN_BOOL_CONVERSION = YES;
				CLANG_WARN_CONSTANT_CONVERSION = YES;
				CLANG_WARN_DIRECT_OBJC_ISA_USAGE = YES_ERROR;
				CLANG_WARN_EMPTY_BODY = YES;
				CLANG_WARN_ENUM_CONVERSION = YES;
				CLANG_WARN_INT_CONVERSION = YES;
				CLANG_WARN_OBJC_ROOT_CLASS = YES_ERROR;
				CLANG_WARN_UNREACHABLE_CODE = YES;
				CLANG_WARN__DUPLICATE_METHOD_MATCH = YES;
				"CODE_SIGN_IDENTITY[sdk=iphoneos*]" = "iPhone Developer";
				COPY_PHASE_STRIP = NO;
				DEBUG_INFORMATION_FORMAT = dwarf;
				ENABLE_STRICT_OBJC_MSGSEND = YES;
				ENABLE_TESTABILITY = YES;
				GCC_C_LANGUAGE_STANDARD = gnu99;
				GCC_DYNAMIC_NO_PIC = NO;
				GCC_NO_COMMON_BLOCKS = YES;
				GCC_OPTIMIZATION_LEVEL = 0;
				GCC_PREPROCESSOR_DEFINITIONS = (
					"DEBUG=1",
					"$(inherited)",
				);
				GCC_WARN_64_TO_32_BIT_CONVERSION = YES;
				GCC_WARN_ABOUT_RETURN_TYPE = YES_ERROR;
				GCC_WARN_UNDECLARED_SELECTOR = YES;
				GCC_WARN_UNINITIALIZED_AUTOS = YES_AGGRESSIVE;
				GCC_WARN_UNUSED_FUNCTION = YES;
				GCC_WARN_UNUSED_VARIABLE = YES;
				IPHONEOS_DEPLOYMENT_TARGET = 9.3;
				MTL_ENABLE_DEBUG_INFO = YES;
				ONLY_ACTIVE_ARCH = YES;
				SDKROOT = iphoneos;
				SWIFT_OPTIMIZATION_LEVEL = "-Onone";
				TARGETED_DEVICE_FAMILY = "1,2";
			};
			name = Debug;
		};
		5E91B5F51D6BF7CE00332612 /* Release */ = {
			isa = XCBuildConfiguration;
			buildSettings = {
				ALWAYS_SEARCH_USER_PATHS = NO;
				CLANG_ANALYZER_NONNULL = YES;
				CLANG_CXX_LANGUAGE_STANDARD = "gnu++0x";
				CLANG_CXX_LIBRARY = "libc++";
				CLANG_ENABLE_MODULES = YES;
				CLANG_ENABLE_OBJC_ARC = YES;
				CLANG_WARN_BOOL_CONVERSION = YES;
				CLANG_WARN_CONSTANT_CONVERSION = YES;
				CLANG_WARN_DIRECT_OBJC_ISA_USAGE = YES_ERROR;
				CLANG_WARN_EMPTY_BODY = YES;
				CLANG_WARN_ENUM_CONVERSION = YES;
				CLANG_WARN_INT_CONVERSION = YES;
				CLANG_WARN_OBJC_ROOT_CLASS = YES_ERROR;
				CLANG_WARN_UNREACHABLE_CODE = YES;
				CLANG_WARN__DUPLICATE_METHOD_MATCH = YES;
				"CODE_SIGN_IDENTITY[sdk=iphoneos*]" = "iPhone Developer";
				COPY_PHASE_STRIP = NO;
				DEBUG_INFORMATION_FORMAT = "dwarf-with-dsym";
				ENABLE_NS_ASSERTIONS = NO;
				ENABLE_STRICT_OBJC_MSGSEND = YES;
				GCC_C_LANGUAGE_STANDARD = gnu99;
				GCC_NO_COMMON_BLOCKS = YES;
				GCC_WARN_64_TO_32_BIT_CONVERSION = YES;
				GCC_WARN_ABOUT_RETURN_TYPE = YES_ERROR;
				GCC_WARN_UNDECLARED_SELECTOR = YES;
				GCC_WARN_UNINITIALIZED_AUTOS = YES_AGGRESSIVE;
				GCC_WARN_UNUSED_FUNCTION = YES;
				GCC_WARN_UNUSED_VARIABLE = YES;
				IPHONEOS_DEPLOYMENT_TARGET = 9.3;
				MTL_ENABLE_DEBUG_INFO = NO;
				SDKROOT = iphoneos;
				TARGETED_DEVICE_FAMILY = "1,2";
				VALIDATE_PRODUCT = YES;
			};
			name = Release;
		};
		5E91B5F71D6BF7CE00332612 /* Debug */ = {
			isa = XCBuildConfiguration;
			buildSettings = {
				ASSETCATALOG_COMPILER_APPICON_NAME = AppIcon;
				INFOPLIST_FILE = Faceit/Info.plist;
				LD_RUNPATH_SEARCH_PATHS = "$(inherited) @executable_path/Frameworks";
				PRODUCT_BUNDLE_IDENTIFIER = vernsu.diagon.me.Faceit;
				PRODUCT_NAME = "$(TARGET_NAME)";
			};
			name = Debug;
		};
		5E91B5F81D6BF7CE00332612 /* Release */ = {
			isa = XCBuildConfiguration;
			buildSettings = {
				ASSETCATALOG_COMPILER_APPICON_NAME = AppIcon;
				INFOPLIST_FILE = Faceit/Info.plist;
				LD_RUNPATH_SEARCH_PATHS = "$(inherited) @executable_path/Frameworks";
				PRODUCT_BUNDLE_IDENTIFIER = vernsu.diagon.me.Faceit;
				PRODUCT_NAME = "$(TARGET_NAME)";
			};
			name = Release;
		};
/* End XCBuildConfiguration section */

/* Begin XCConfigurationList section */
		5E91B5DF1D6BF7CE00332612 /* Build configuration list for PBXProject "Faceit" */ = {
			isa = XCConfigurationList;
			buildConfigurations = (
				5E91B5F41D6BF7CE00332612 /* Debug */,
				5E91B5F51D6BF7CE00332612 /* Release */,
			);
			defaultConfigurationIsVisible = 0;
			defaultConfigurationName = Release;
		};
		5E91B5F61D6BF7CE00332612 /* Build configuration list for PBXNativeTarget "Faceit" */ = {
			isa = XCConfigurationList;
			buildConfigurations = (
				5E91B5F71D6BF7CE00332612 /* Debug */,
				5E91B5F81D6BF7CE00332612 /* Release */,
			);
			defaultConfigurationIsVisible = 0;
			defaultConfigurationName = Release;
		};
/* End XCConfigurationList section */
	};
	rootObject = 5E91B5DC1D6BF7CE00332612 /* Project object */;
}
